// !$*UTF8*$!
{
	archiveVersion = 1;
	classes = {
	};
	objectVersion = 55;
	objects = {

/* Begin PBXBuildFile section */
		A494F42F27CB269C00A01E8C /* AppDelegate.swift in Sources */ = {isa = PBXBuildFile; fileRef = A494F42E27CB269C00A01E8C /* AppDelegate.swift */; };
		A494F43127CB269C00A01E8C /* SceneDelegate.swift in Sources */ = {isa = PBXBuildFile; fileRef = A494F43027CB269C00A01E8C /* SceneDelegate.swift */; };
		A494F43327CB269C00A01E8C /* ViewController.swift in Sources */ = {isa = PBXBuildFile; fileRef = A494F43227CB269C00A01E8C /* ViewController.swift */; };
		A494F43627CB269C00A01E8C /* Main.storyboard in Resources */ = {isa = PBXBuildFile; fileRef = A494F43427CB269C00A01E8C /* Main.storyboard */; };
		A494F43827CB269F00A01E8C /* Assets.xcassets in Resources */ = {isa = PBXBuildFile; fileRef = A494F43727CB269F00A01E8C /* Assets.xcassets */; };
		A494F43B27CB269F00A01E8C /* LaunchScreen.storyboard in Resources */ = {isa = PBXBuildFile; fileRef = A494F43927CB269F00A01E8C /* LaunchScreen.storyboard */; };
		A494F44627CB26A000A01E8C /* instagramTests.swift in Sources */ = {isa = PBXBuildFile; fileRef = A494F44527CB26A000A01E8C /* instagramTests.swift */; };
		A494F45027CB26A000A01E8C /* instagramUITests.swift in Sources */ = {isa = PBXBuildFile; fileRef = A494F44F27CB26A000A01E8C /* instagramUITests.swift */; };
		A494F45227CB26A000A01E8C /* instagramUITestsLaunchTests.swift in Sources */ = {isa = PBXBuildFile; fileRef = A494F45127CB26A000A01E8C /* instagramUITestsLaunchTests.swift */; };
/* End PBXBuildFile section */

/* Begin PBXContainerItemProxy section */
		A494F44227CB26A000A01E8C /* PBXContainerItemProxy */ = {
			isa = PBXContainerItemProxy;
			containerPortal = A494F42327CB269C00A01E8C /* Project object */;
			proxyType = 1;
			remoteGlobalIDString = A494F42A27CB269C00A01E8C;
			remoteInfo = instagram;
		};
		A494F44C27CB26A000A01E8C /* PBXContainerItemProxy */ = {
			isa = PBXContainerItemProxy;
			containerPortal = A494F42327CB269C00A01E8C /* Project object */;
			proxyType = 1;
			remoteGlobalIDString = A494F42A27CB269C00A01E8C;
			remoteInfo = instagram;
		};
/* End PBXContainerItemProxy section */

/* Begin PBXFileReference section */
		A494F42B27CB269C00A01E8C /* instagram.app */ = {isa = PBXFileReference; explicitFileType = wrapper.application; includeInIndex = 0; path = instagram.app; sourceTree = BUILT_PRODUCTS_DIR; };
		A494F42E27CB269C00A01E8C /* AppDelegate.swift */ = {isa = PBXFileReference; lastKnownFileType = sourcecode.swift; path = AppDelegate.swift; sourceTree = "<group>"; };
		A494F43027CB269C00A01E8C /* SceneDelegate.swift */ = {isa = PBXFileReference; lastKnownFileType = sourcecode.swift; path = SceneDelegate.swift; sourceTree = "<group>"; };
		A494F43227CB269C00A01E8C /* ViewController.swift */ = {isa = PBXFileReference; lastKnownFileType = sourcecode.swift; path = ViewController.swift; sourceTree = "<group>"; };
		A494F43527CB269C00A01E8C /* Base */ = {isa = PBXFileReference; lastKnownFileType = file.storyboard; name = Base; path = Base.lproj/Main.storyboard; sourceTree = "<group>"; };
		A494F43727CB269F00A01E8C /* Assets.xcassets */ = {isa = PBXFileReference; lastKnownFileType = folder.assetcatalog; path = Assets.xcassets; sourceTree = "<group>"; };
		A494F43A27CB269F00A01E8C /* Base */ = {isa = PBXFileReference; lastKnownFileType = file.storyboard; name = Base; path = Base.lproj/LaunchScreen.storyboard; sourceTree = "<group>"; };
		A494F43C27CB269F00A01E8C /* Info.plist */ = {isa = PBXFileReference; lastKnownFileType = text.plist.xml; path = Info.plist; sourceTree = "<group>"; };
		A494F44127CB26A000A01E8C /* instagramTests.xctest */ = {isa = PBXFileReference; explicitFileType = wrapper.cfbundle; includeInIndex = 0; path = instagramTests.xctest; sourceTree = BUILT_PRODUCTS_DIR; };
		A494F44527CB26A000A01E8C /* instagramTests.swift */ = {isa = PBXFileReference; lastKnownFileType = sourcecode.swift; path = instagramTests.swift; sourceTree = "<group>"; };
		A494F44B27CB26A000A01E8C /* instagramUITests.xctest */ = {isa = PBXFileReference; explicitFileType = wrapper.cfbundle; includeInIndex = 0; path = instagramUITests.xctest; sourceTree = BUILT_PRODUCTS_DIR; };
		A494F44F27CB26A000A01E8C /* instagramUITests.swift */ = {isa = PBXFileReference; lastKnownFileType = sourcecode.swift; path = instagramUITests.swift; sourceTree = "<group>"; };
		A494F45127CB26A000A01E8C /* instagramUITestsLaunchTests.swift */ = {isa = PBXFileReference; lastKnownFileType = sourcecode.swift; path = instagramUITestsLaunchTests.swift; sourceTree = "<group>"; };
/* End PBXFileReference section */

/* Begin PBXFrameworksBuildPhase section */
		A494F42827CB269C00A01E8C /* Frameworks */ = {
			isa = PBXFrameworksBuildPhase;
			buildActionMask = 2147483647;
			files = (
			);
			runOnlyForDeploymentPostprocessing = 0;
		};
		A494F43E27CB26A000A01E8C /* Frameworks */ = {
			isa = PBXFrameworksBuildPhase;
			buildActionMask = 2147483647;
			files = (
			);
			runOnlyForDeploymentPostprocessing = 0;
		};
		A494F44827CB26A000A01E8C /* Frameworks */ = {
			isa = PBXFrameworksBuildPhase;
			buildActionMask = 2147483647;
			files = (
			);
			runOnlyForDeploymentPostprocessing = 0;
		};
/* End PBXFrameworksBuildPhase section */

/* Begin PBXGroup section */
		A494F42227CB269C00A01E8C = {
			isa = PBXGroup;
			children = (
				A494F42D27CB269C00A01E8C /* instagram */,
				A494F44427CB26A000A01E8C /* instagramTests */,
				A494F44E27CB26A000A01E8C /* instagramUITests */,
				A494F42C27CB269C00A01E8C /* Products */,
			);
			sourceTree = "<group>";
		};
		A494F42C27CB269C00A01E8C /* Products */ = {
			isa = PBXGroup;
			children = (
				A494F42B27CB269C00A01E8C /* instagram.app */,
				A494F44127CB26A000A01E8C /* instagramTests.xctest */,
				A494F44B27CB26A000A01E8C /* instagramUITests.xctest */,
			);
			name = Products;
			sourceTree = "<group>";
		};
		A494F42D27CB269C00A01E8C /* instagram */ = {
			isa = PBXGroup;
			children = (
				A494F42E27CB269C00A01E8C /* AppDelegate.swift */,
				A494F43027CB269C00A01E8C /* SceneDelegate.swift */,
				A494F43227CB269C00A01E8C /* ViewController.swift */,
				A494F43427CB269C00A01E8C /* Main.storyboard */,
				A494F43727CB269F00A01E8C /* Assets.xcassets */,
				A494F43927CB269F00A01E8C /* LaunchScreen.storyboard */,
				A494F43C27CB269F00A01E8C /* Info.plist */,
			);
			path = instagram;
			sourceTree = "<group>";
		};
		A494F44427CB26A000A01E8C /* instagramTests */ = {
			isa = PBXGroup;
			children = (
				A494F44527CB26A000A01E8C /* instagramTests.swift */,
			);
			path = instagramTests;
			sourceTree = "<group>";
		};
		A494F44E27CB26A000A01E8C /* instagramUITests */ = {
			isa = PBXGroup;
			children = (
				A494F44F27CB26A000A01E8C /* instagramUITests.swift */,
				A494F45127CB26A000A01E8C /* instagramUITestsLaunchTests.swift */,
			);
			path = instagramUITests;
			sourceTree = "<group>";
		};
/* End PBXGroup section */

/* Begin PBXNativeTarget section */
		A494F42A27CB269C00A01E8C /* instagram */ = {
			isa = PBXNativeTarget;
			buildConfigurationList = A494F45527CB26A000A01E8C /* Build configuration list for PBXNativeTarget "instagram" */;
			buildPhases = (
				A494F42727CB269C00A01E8C /* Sources */,
				A494F42827CB269C00A01E8C /* Frameworks */,
				A494F42927CB269C00A01E8C /* Resources */,
			);
			buildRules = (
			);
			dependencies = (
			);
			name = instagram;
			productName = instagram;
			productReference = A494F42B27CB269C00A01E8C /* instagram.app */;
			productType = "com.apple.product-type.application";
		};
		A494F44027CB26A000A01E8C /* instagramTests */ = {
			isa = PBXNativeTarget;
			buildConfigurationList = A494F45827CB26A000A01E8C /* Build configuration list for PBXNativeTarget "instagramTests" */;
			buildPhases = (
				A494F43D27CB26A000A01E8C /* Sources */,
				A494F43E27CB26A000A01E8C /* Frameworks */,
				A494F43F27CB26A000A01E8C /* Resources */,
			);
			buildRules = (
			);
			dependencies = (
				A494F44327CB26A000A01E8C /* PBXTargetDependency */,
			);
			name = instagramTests;
			productName = instagramTests;
			productReference = A494F44127CB26A000A01E8C /* instagramTests.xctest */;
			productType = "com.apple.product-type.bundle.unit-test";
		};
		A494F44A27CB26A000A01E8C /* instagramUITests */ = {
			isa = PBXNativeTarget;
			buildConfigurationList = A494F45B27CB26A000A01E8C /* Build configuration list for PBXNativeTarget "instagramUITests" */;
			buildPhases = (
				A494F44727CB26A000A01E8C /* Sources */,
				A494F44827CB26A000A01E8C /* Frameworks */,
				A494F44927CB26A000A01E8C /* Resources */,
			);
			buildRules = (
			);
			dependencies = (
				A494F44D27CB26A000A01E8C /* PBXTargetDependency */,
			);
			name = instagramUITests;
			productName = instagramUITests;
			productReference = A494F44B27CB26A000A01E8C /* instagramUITests.xctest */;
			productType = "com.apple.product-type.bundle.ui-testing";
		};
/* End PBXNativeTarget section */

/* Begin PBXProject section */
		A494F42327CB269C00A01E8C /* Project object */ = {
			isa = PBXProject;
			attributes = {
				BuildIndependentTargetsInParallel = 1;
				LastSwiftUpdateCheck = 1320;
				LastUpgradeCheck = 1320;
				TargetAttributes = {
					A494F42A27CB269C00A01E8C = {
						CreatedOnToolsVersion = 13.2.1;
					};
					A494F44027CB26A000A01E8C = {
						CreatedOnToolsVersion = 13.2.1;
						TestTargetID = A494F42A27CB269C00A01E8C;
					};
					A494F44A27CB26A000A01E8C = {
						CreatedOnToolsVersion = 13.2.1;
						TestTargetID = A494F42A27CB269C00A01E8C;
					};
				};
			};
			buildConfigurationList = A494F42627CB269C00A01E8C /* Build configuration list for PBXProject "instagram" */;
			compatibilityVersion = "Xcode 13.0";
			developmentRegion = en;
			hasScannedForEncodings = 0;
			knownRegions = (
				en,
				Base,
			);
			mainGroup = A494F42227CB269C00A01E8C;
			productRefGroup = A494F42C27CB269C00A01E8C /* Products */;
			projectDirPath = "";
			projectRoot = "";
			targets = (
				A494F42A27CB269C00A01E8C /* instagram */,
				A494F44027CB26A000A01E8C /* instagramTests */,
				A494F44A27CB26A000A01E8C /* instagramUITests */,
			);
		};
/* End PBXProject section */

/* Begin PBXResourcesBuildPhase section */
		A494F42927CB269C00A01E8C /* Resources */ = {
			isa = PBXResourcesBuildPhase;
			buildActionMask = 2147483647;
			files = (
				A494F43B27CB269F00A01E8C /* LaunchScreen.storyboard in Resources */,
				A494F43827CB269F00A01E8C /* Assets.xcassets in Resources */,
				A494F43627CB269C00A01E8C /* Main.storyboard in Resources */,
			);
			runOnlyForDeploymentPostprocessing = 0;
		};
		A494F43F27CB26A000A01E8C /* Resources */ = {
			isa = PBXResourcesBuildPhase;
			buildActionMask = 2147483647;
			files = (
			);
			runOnlyForDeploymentPostprocessing = 0;
		};
		A494F44927CB26A000A01E8C /* Resources */ = {
			isa = PBXResourcesBuildPhase;
			buildActionMask = 2147483647;
			files = (
			);
			runOnlyForDeploymentPostprocessing = 0;
		};
/* End PBXResourcesBuildPhase section */

/* Begin PBXSourcesBuildPhase section */
		A494F42727CB269C00A01E8C /* Sources */ = {
			isa = PBXSourcesBuildPhase;
			buildActionMask = 2147483647;
			files = (
				A494F43327CB269C00A01E8C /* ViewController.swift in Sources */,
				A494F42F27CB269C00A01E8C /* AppDelegate.swift in Sources */,
				A494F43127CB269C00A01E8C /* SceneDelegate.swift in Sources */,
			);
			runOnlyForDeploymentPostprocessing = 0;
		};
		A494F43D27CB26A000A01E8C /* Sources */ = {
			isa = PBXSourcesBuildPhase;
			buildActionMask = 2147483647;
			files = (
				A494F44627CB26A000A01E8C /* instagramTests.swift in Sources */,
			);
			runOnlyForDeploymentPostprocessing = 0;
		};
		A494F44727CB26A000A01E8C /* Sources */ = {
			isa = PBXSourcesBuildPhase;
			buildActionMask = 2147483647;
			files = (
				A494F45027CB26A000A01E8C /* instagramUITests.swift in Sources */,
				A494F45227CB26A000A01E8C /* instagramUITestsLaunchTests.swift in Sources */,
			);
			runOnlyForDeploymentPostprocessing = 0;
		};
/* End PBXSourcesBuildPhase section */

/* Begin PBXTargetDependency section */
		A494F44327CB26A000A01E8C /* PBXTargetDependency */ = {
			isa = PBXTargetDependency;
			target = A494F42A27CB269C00A01E8C /* instagram */;
			targetProxy = A494F44227CB26A000A01E8C /* PBXContainerItemProxy */;
		};
		A494F44D27CB26A000A01E8C /* PBXTargetDependency */ = {
			isa = PBXTargetDependency;
			target = A494F42A27CB269C00A01E8C /* instagram */;
			targetProxy = A494F44C27CB26A000A01E8C /* PBXContainerItemProxy */;
		};
/* End PBXTargetDependency section */

/* Begin PBXVariantGroup section */
		A494F43427CB269C00A01E8C /* Main.storyboard */ = {
			isa = PBXVariantGroup;
			children = (
				A494F43527CB269C00A01E8C /* Base */,
			);
			name = Main.storyboard;
			sourceTree = "<group>";
		};
		A494F43927CB269F00A01E8C /* LaunchScreen.storyboard */ = {
			isa = PBXVariantGroup;
			children = (
				A494F43A27CB269F00A01E8C /* Base */,
			);
			name = LaunchScreen.storyboard;
			sourceTree = "<group>";
		};
/* End PBXVariantGroup section */

/* Begin XCBuildConfiguration section */
		A494F45327CB26A000A01E8C /* Debug */ = {
			isa = XCBuildConfiguration;
			buildSettings = {
				ALWAYS_SEARCH_USER_PATHS = NO;
				CLANG_ANALYZER_NONNULL = YES;
				CLANG_ANALYZER_NUMBER_OBJECT_CONVERSION = YES_AGGRESSIVE;
				CLANG_CXX_LANGUAGE_STANDARD = "gnu++17";
				CLANG_CXX_LIBRARY = "libc++";
				CLANG_ENABLE_MODULES = YES;
				CLANG_ENABLE_OBJC_ARC = YES;
				CLANG_ENABLE_OBJC_WEAK = YES;
				CLANG_WARN_BLOCK_CAPTURE_AUTORELEASING = YES;
				CLANG_WARN_BOOL_CONVERSION = YES;
				CLANG_WARN_COMMA = YES;
				CLANG_WARN_CONSTANT_CONVERSION = YES;
				CLANG_WARN_DEPRECATED_OBJC_IMPLEMENTATIONS = YES;
				CLANG_WARN_DIRECT_OBJC_ISA_USAGE = YES_ERROR;
				CLANG_WARN_DOCUMENTATION_COMMENTS = YES;
				CLANG_WARN_EMPTY_BODY = YES;
				CLANG_WARN_ENUM_CONVERSION = YES;
				CLANG_WARN_INFINITE_RECURSION = YES;
				CLANG_WARN_INT_CONVERSION = YES;
				CLANG_WARN_NON_LITERAL_NULL_CONVERSION = YES;
				CLANG_WARN_OBJC_IMPLICIT_RETAIN_SELF = YES;
				CLANG_WARN_OBJC_LITERAL_CONVERSION = YES;
				CLANG_WARN_OBJC_ROOT_CLASS = YES_ERROR;
				CLANG_WARN_QUOTED_INCLUDE_IN_FRAMEWORK_HEADER = YES;
				CLANG_WARN_RANGE_LOOP_ANALYSIS = YES;
				CLANG_WARN_STRICT_PROTOTYPES = YES;
				CLANG_WARN_SUSPICIOUS_MOVE = YES;
				CLANG_WARN_UNGUARDED_AVAILABILITY = YES_AGGRESSIVE;
				CLANG_WARN_UNREACHABLE_CODE = YES;
				CLANG_WARN__DUPLICATE_METHOD_MATCH = YES;
				COPY_PHASE_STRIP = NO;
				DEBUG_INFORMATION_FORMAT = dwarf;
				ENABLE_STRICT_OBJC_MSGSEND = YES;
				ENABLE_TESTABILITY = YES;
				GCC_C_LANGUAGE_STANDARD = gnu11;
				GCC_DYNAMIC_NO_PIC = NO;
				GCC_NO_COMMON_BLOCKS = YES;
				GCC_OPTIMIZATION_LEVEL = 0;
				GCC_PREPROCESSOR_DEFINITIONS = (
					"DEBUG=1",
					"$(inherited)",
				);
				GCC_WARN_64_TO_32_BIT_CONVERSION = YES;
				GCC_WARN_ABOUT_RETURN_TYPE = YES_ERROR;
				GCC_WARN_UNDECLARED_SELECTOR = YES;
				GCC_WARN_UNINITIALIZED_AUTOS = YES_AGGRESSIVE;
				GCC_WARN_UNUSED_FUNCTION = YES;
				GCC_WARN_UNUSED_VARIABLE = YES;
				IPHONEOS_DEPLOYMENT_TARGET = 15.2;
				MTL_ENABLE_DEBUG_INFO = INCLUDE_SOURCE;
				MTL_FAST_MATH = YES;
				ONLY_ACTIVE_ARCH = YES;
				SDKROOT = iphoneos;
				SWIFT_ACTIVE_COMPILATION_CONDITIONS = DEBUG;
				SWIFT_OPTIMIZATION_LEVEL = "-Onone";
			};
			name = Debug;
		};
		A494F45427CB26A000A01E8C /* Release */ = {
			isa = XCBuildConfiguration;
			buildSettings = {
				ALWAYS_SEARCH_USER_PATHS = NO;
				CLANG_ANALYZER_NONNULL = YES;
				CLANG_ANALYZER_NUMBER_OBJECT_CONVERSION = YES_AGGRESSIVE;
				CLANG_CXX_LANGUAGE_STANDARD = "gnu++17";
				CLANG_CXX_LIBRARY = "libc++";
				CLANG_ENABLE_MODULES = YES;
				CLANG_ENABLE_OBJC_ARC = YES;
				CLANG_ENABLE_OBJC_WEAK = YES;
				CLANG_WARN_BLOCK_CAPTURE_AUTORELEASING = YES;
				CLANG_WARN_BOOL_CONVERSION = YES;
				CLANG_WARN_COMMA = YES;
				CLANG_WARN_CONSTANT_CONVERSION = YES;
				CLANG_WARN_DEPRECATED_OBJC_IMPLEMENTATIONS = YES;
				CLANG_WARN_DIRECT_OBJC_ISA_USAGE = YES_ERROR;
				CLANG_WARN_DOCUMENTATION_COMMENTS = YES;
				CLANG_WARN_EMPTY_BODY = YES;
				CLANG_WARN_ENUM_CONVERSION = YES;
				CLANG_WARN_INFINITE_RECURSION = YES;
				CLANG_WARN_INT_CONVERSION = YES;
				CLANG_WARN_NON_LITERAL_NULL_CONVERSION = YES;
				CLANG_WARN_OBJC_IMPLICIT_RETAIN_SELF = YES;
				CLANG_WARN_OBJC_LITERAL_CONVERSION = YES;
				CLANG_WARN_OBJC_ROOT_CLASS = YES_ERROR;
				CLANG_WARN_QUOTED_INCLUDE_IN_FRAMEWORK_HEADER = YES;
				CLANG_WARN_RANGE_LOOP_ANALYSIS = YES;
				CLANG_WARN_STRICT_PROTOTYPES = YES;
				CLANG_WARN_SUSPICIOUS_MOVE = YES;
				CLANG_WARN_UNGUARDED_AVAILABILITY = YES_AGGRESSIVE;
				CLANG_WARN_UNREACHABLE_CODE = YES;
				CLANG_WARN__DUPLICATE_METHOD_MATCH = YES;
				COPY_PHASE_STRIP = NO;
				DEBUG_INFORMATION_FORMAT = "dwarf-with-dsym";
				ENABLE_NS_ASSERTIONS = NO;
				ENABLE_STRICT_OBJC_MSGSEND = YES;
				GCC_C_LANGUAGE_STANDARD = gnu11;
				GCC_NO_COMMON_BLOCKS = YES;
				GCC_WARN_64_TO_32_BIT_CONVERSION = YES;
				GCC_WARN_ABOUT_RETURN_TYPE = YES_ERROR;
				GCC_WARN_UNDECLARED_SELECTOR = YES;
				GCC_WARN_UNINITIALIZED_AUTOS = YES_AGGRESSIVE;
				GCC_WARN_UNUSED_FUNCTION = YES;
				GCC_WARN_UNUSED_VARIABLE = YES;
				IPHONEOS_DEPLOYMENT_TARGET = 15.2;
				MTL_ENABLE_DEBUG_INFO = NO;
				MTL_FAST_MATH = YES;
				SDKROOT = iphoneos;
				SWIFT_COMPILATION_MODE = wholemodule;
				SWIFT_OPTIMIZATION_LEVEL = "-O";
				VALIDATE_PRODUCT = YES;
			};
			name = Release;
		};
		A494F45627CB26A000A01E8C /* Debug */ = {
			isa = XCBuildConfiguration;
			buildSettings = {
				ASSETCATALOG_COMPILER_APPICON_NAME = AppIcon;
				ASSETCATALOG_COMPILER_GLOBAL_ACCENT_COLOR_NAME = AccentColor;
				CODE_SIGN_STYLE = Automatic;
				CURRENT_PROJECT_VERSION = 1;
				GENERATE_INFOPLIST_FILE = YES;
				INFOPLIST_FILE = instagram/Info.plist;
				INFOPLIST_KEY_UIApplicationSupportsIndirectInputEvents = YES;
				INFOPLIST_KEY_UILaunchStoryboardName = LaunchScreen;
				INFOPLIST_KEY_UIMainStoryboardFile = Main;
				INFOPLIST_KEY_UISupportedInterfaceOrientations_iPad = "UIInterfaceOrientationPortrait UIInterfaceOrientationPortraitUpsideDown UIInterfaceOrientationLandscapeLeft UIInterfaceOrientationLandscapeRight";
				INFOPLIST_KEY_UISupportedInterfaceOrientations_iPhone = "UIInterfaceOrientationPortrait UIInterfaceOrientationLandscapeLeft UIInterfaceOrientationLandscapeRight";
				LD_RUNPATH_SEARCH_PATHS = (
					"$(inherited)",
					"@executable_path/Frameworks",
				);
				MARKETING_VERSION = 1.0;
				PRODUCT_BUNDLE_IDENTIFIER = com.hu.instagram;
				PRODUCT_NAME = "$(TARGET_NAME)";
				SWIFT_EMIT_LOC_STRINGS = YES;
				SWIFT_VERSION = 5.0;
				TARGETED_DEVICE_FAMILY = "1,2";
			};
			name = Debug;
		};
		A494F45727CB26A000A01E8C /* Release */ = {
			isa = XCBuildConfiguration;
			buildSettings = {
				ASSETCATALOG_COMPILER_APPICON_NAME = AppIcon;
				ASSETCATALOG_COMPILER_GLOBAL_ACCENT_COLOR_NAME = AccentColor;
				CODE_SIGN_STYLE = Automatic;
				CURRENT_PROJECT_VERSION = 1;
				GENERATE_INFOPLIST_FILE = YES;
				INFOPLIST_FILE = instagram/Info.plist;
				INFOPLIST_KEY_UIApplicationSupportsIndirectInputEvents = YES;
				INFOPLIST_KEY_UILaunchStoryboardName = LaunchScreen;
				INFOPLIST_KEY_UIMainStoryboardFile = Main;
				INFOPLIST_KEY_UISupportedInterfaceOrientations_iPad = "UIInterfaceOrientationPortrait UIInterfaceOrientationPortraitUpsideDown UIInterfaceOrientationLandscapeLeft UIInterfaceOrientationLandscapeRight";
				INFOPLIST_KEY_UISupportedInterfaceOrientations_iPhone = "UIInterfaceOrientationPortrait UIInterfaceOrientationLandscapeLeft UIInterfaceOrientationLandscapeRight";
				LD_RUNPATH_SEARCH_PATHS = (
					"$(inherited)",
					"@executable_path/Frameworks",
				);
				MARKETING_VERSION = 1.0;
				PRODUCT_BUNDLE_IDENTIFIER = com.hu.instagram;
				PRODUCT_NAME = "$(TARGET_NAME)";
				SWIFT_EMIT_LOC_STRINGS = YES;
				SWIFT_VERSION = 5.0;
				TARGETED_DEVICE_FAMILY = "1,2";
			};
			name = Release;
		};
		A494F45927CB26A000A01E8C /* Debug */ = {
			isa = XCBuildConfiguration;
			buildSettings = {
				ALWAYS_EMBED_SWIFT_STANDARD_LIBRARIES = YES;
				BUNDLE_LOADER = "$(TEST_HOST)";
				CODE_SIGN_STYLE = Automatic;
				CURRENT_PROJECT_VERSION = 1;
				GENERATE_INFOPLIST_FILE = YES;
				IPHONEOS_DEPLOYMENT_TARGET = 15.2;
				MARKETING_VERSION = 1.0;
				PRODUCT_BUNDLE_IDENTIFIER = com.hu.instagramTests;
				PRODUCT_NAME = "$(TARGET_NAME)";
				SWIFT_EMIT_LOC_STRINGS = NO;
				SWIFT_VERSION = 5.0;
				TARGETED_DEVICE_FAMILY = "1,2";
				TEST_HOST = "$(BUILT_PRODUCTS_DIR)/instagram.app/instagram";
			};
			name = Debug;
		};
		A494F45A27CB26A000A01E8C /* Release */ = {
			isa = XCBuildConfiguration;
			buildSettings = {
				ALWAYS_EMBED_SWIFT_STANDARD_LIBRARIES = YES;
				BUNDLE_LOADER = "$(TEST_HOST)";
				CODE_SIGN_STYLE = Automatic;
				CURRENT_PROJECT_VERSION = 1;
				GENERATE_INFOPLIST_FILE = YES;
				IPHONEOS_DEPLOYMENT_TARGET = 15.2;
				MARKETING_VERSION = 1.0;
				PRODUCT_BUNDLE_IDENTIFIER = com.hu.instagramTests;
				PRODUCT_NAME = "$(TARGET_NAME)";
				SWIFT_EMIT_LOC_STRINGS = NO;
				SWIFT_VERSION = 5.0;
				TARGETED_DEVICE_FAMILY = "1,2";
				TEST_HOST = "$(BUILT_PRODUCTS_DIR)/instagram.app/instagram";
			};
			name = Release;
		};
		A494F45C27CB26A000A01E8C /* Debug */ = {
			isa = XCBuildConfiguration;
			buildSettings = {
				ALWAYS_EMBED_SWIFT_STANDARD_LIBRARIES = YES;
				CODE_SIGN_STYLE = Automatic;
				CURRENT_PROJECT_VERSION = 1;
				GENERATE_INFOPLIST_FILE = YES;
				MARKETING_VERSION = 1.0;
				PRODUCT_BUNDLE_IDENTIFIER = com.hu.instagramUITests;
				PRODUCT_NAME = "$(TARGET_NAME)";
				SWIFT_EMIT_LOC_STRINGS = NO;
				SWIFT_VERSION = 5.0;
				TARGETED_DEVICE_FAMILY = "1,2";
				TEST_TARGET_NAME = instagram;
			};
			name = Debug;
		};
		A494F45D27CB26A000A01E8C /* Release */ = {
			isa = XCBuildConfiguration;
			buildSettings = {
				ALWAYS_EMBED_SWIFT_STANDARD_LIBRARIES = YES;
				CODE_SIGN_STYLE = Automatic;
				CURRENT_PROJECT_VERSION = 1;
				GENERATE_INFOPLIST_FILE = YES;
				MARKETING_VERSION = 1.0;
				PRODUCT_BUNDLE_IDENTIFIER = com.hu.instagramUITests;
				PRODUCT_NAME = "$(TARGET_NAME)";
				SWIFT_EMIT_LOC_STRINGS = NO;
				SWIFT_VERSION = 5.0;
				TARGETED_DEVICE_FAMILY = "1,2";
				TEST_TARGET_NAME = instagram;
			};
			name = Release;
		};
/* End XCBuildConfiguration section */

/* Begin XCConfigurationList section */
		A494F42627CB269C00A01E8C /* Build configuration list for PBXProject "instagram" */ = {
			isa = XCConfigurationList;
			buildConfigurations = (
				A494F45327CB26A000A01E8C /* Debug */,
				A494F45427CB26A000A01E8C /* Release */,
			);
			defaultConfigurationIsVisible = 0;
			defaultConfigurationName = Release;
		};
		A494F45527CB26A000A01E8C /* Build configuration list for PBXNativeTarget "instagram" */ = {
			isa = XCConfigurationList;
			buildConfigurations = (
				A494F45627CB26A000A01E8C /* Debug */,
				A494F45727CB26A000A01E8C /* Release */,
			);
			defaultConfigurationIsVisible = 0;
			defaultConfigurationName = Release;
		};
		A494F45827CB26A000A01E8C /* Build configuration list for PBXNativeTarget "instagramTests" */ = {
			isa = XCConfigurationList;
			buildConfigurations = (
				A494F45927CB26A000A01E8C /* Debug */,
				A494F45A27CB26A000A01E8C /* Release */,
			);
			defaultConfigurationIsVisible = 0;
			defaultConfigurationName = Release;
		};
		A494F45B27CB26A000A01E8C /* Build configuration list for PBXNativeTarget "instagramUITests" */ = {
			isa = XCConfigurationList;
			buildConfigurations = (
				A494F45C27CB26A000A01E8C /* Debug */,
				A494F45D27CB26A000A01E8C /* Release */,
			);
			defaultConfigurationIsVisible = 0;
			defaultConfigurationName = Release;
		};
/* End XCConfigurationList section */
	};
	rootObject = A494F42327CB269C00A01E8C /* Project object */;
}
